// !$*UTF8*$!
{
	archiveVersion = 1;
	classes = {
	};
	objectVersion = 55;
	objects = {

/* Begin PBXBuildFile section */
		5C85FECF27DFD832007A7907 /* SettingViewController.swift in Sources */ = {isa = PBXBuildFile; fileRef = 5C85FECE27DFD832007A7907 /* SettingViewController.swift */; };
		5C85FED127E3AAE2007A7907 /* ErrorViewController.swift in Sources */ = {isa = PBXBuildFile; fileRef = 5C85FED027E3AAE2007A7907 /* ErrorViewController.swift */; };
		5C85FED827E677C9007A7907 /* Button+Extention.swift in Sources */ = {isa = PBXBuildFile; fileRef = 5C85FED727E677C9007A7907 /* Button+Extention.swift */; };
		5C96EA5B278CC51200DA6DAB /* AppDelegate.swift in Sources */ = {isa = PBXBuildFile; fileRef = 5C96EA5A278CC51200DA6DAB /* AppDelegate.swift */; };
		5C96EA5D278CC51200DA6DAB /* SceneDelegate.swift in Sources */ = {isa = PBXBuildFile; fileRef = 5C96EA5C278CC51200DA6DAB /* SceneDelegate.swift */; };
		5C96EA5F278CC51200DA6DAB /* ViewController.swift in Sources */ = {isa = PBXBuildFile; fileRef = 5C96EA5E278CC51200DA6DAB /* ViewController.swift */; };
		5C96EA62278CC51200DA6DAB /* Main.storyboard in Resources */ = {isa = PBXBuildFile; fileRef = 5C96EA60278CC51200DA6DAB /* Main.storyboard */; };
		5C96EA64278CC51400DA6DAB /* Assets.xcassets in Resources */ = {isa = PBXBuildFile; fileRef = 5C96EA63278CC51400DA6DAB /* Assets.xcassets */; };
		5C96EA67278CC51400DA6DAB /* LaunchScreen.storyboard in Resources */ = {isa = PBXBuildFile; fileRef = 5C96EA65278CC51400DA6DAB /* LaunchScreen.storyboard */; };
		5C96EA74278E131700DA6DAB /* RaceViewController.swift in Sources */ = {isa = PBXBuildFile; fileRef = 5C96EA73278E131700DA6DAB /* RaceViewController.swift */; };
/* End PBXBuildFile section */

/* Begin PBXFileReference section */
		5C85FECE27DFD832007A7907 /* SettingViewController.swift */ = {isa = PBXFileReference; lastKnownFileType = sourcecode.swift; path = SettingViewController.swift; sourceTree = "<group>"; };
		5C85FED027E3AAE2007A7907 /* ErrorViewController.swift */ = {isa = PBXFileReference; lastKnownFileType = sourcecode.swift; path = ErrorViewController.swift; sourceTree = "<group>"; };
		5C85FED727E677C9007A7907 /* Button+Extention.swift */ = {isa = PBXFileReference; lastKnownFileType = sourcecode.swift; path = "Button+Extention.swift"; sourceTree = "<group>"; };
		5C96EA57278CC51200DA6DAB /* ProjectRace.app */ = {isa = PBXFileReference; explicitFileType = wrapper.application; includeInIndex = 0; path = ProjectRace.app; sourceTree = BUILT_PRODUCTS_DIR; };
		5C96EA5A278CC51200DA6DAB /* AppDelegate.swift */ = {isa = PBXFileReference; lastKnownFileType = sourcecode.swift; path = AppDelegate.swift; sourceTree = "<group>"; };
		5C96EA5C278CC51200DA6DAB /* SceneDelegate.swift */ = {isa = PBXFileReference; lastKnownFileType = sourcecode.swift; path = SceneDelegate.swift; sourceTree = "<group>"; };
		5C96EA5E278CC51200DA6DAB /* ViewController.swift */ = {isa = PBXFileReference; lastKnownFileType = sourcecode.swift; path = ViewController.swift; sourceTree = "<group>"; };
		5C96EA61278CC51200DA6DAB /* Base */ = {isa = PBXFileReference; lastKnownFileType = file.storyboard; name = Base; path = Base.lproj/Main.storyboard; sourceTree = "<group>"; };
		5C96EA63278CC51400DA6DAB /* Assets.xcassets */ = {isa = PBXFileReference; lastKnownFileType = folder.assetcatalog; path = Assets.xcassets; sourceTree = "<group>"; };
		5C96EA66278CC51400DA6DAB /* Base */ = {isa = PBXFileReference; lastKnownFileType = file.storyboard; name = Base; path = Base.lproj/LaunchScreen.storyboard; sourceTree = "<group>"; };
		5C96EA68278CC51400DA6DAB /* Info.plist */ = {isa = PBXFileReference; lastKnownFileType = text.plist.xml; path = Info.plist; sourceTree = "<group>"; };
		5C96EA73278E131700DA6DAB /* RaceViewController.swift */ = {isa = PBXFileReference; lastKnownFileType = sourcecode.swift; path = RaceViewController.swift; sourceTree = "<group>"; };
		776FA8631F532A63775E9955 /* Pods-ProjectRace.debug.xcconfig */ = {isa = PBXFileReference; includeInIndex = 1; lastKnownFileType = text.xcconfig; name = "Pods-ProjectRace.debug.xcconfig"; path = "Target Support Files/Pods-ProjectRace/Pods-ProjectRace.debug.xcconfig"; sourceTree = "<group>"; };
		D68FF9040E3058E8D2D36527 /* Pods-ProjectRace.release.xcconfig */ = {isa = PBXFileReference; includeInIndex = 1; lastKnownFileType = text.xcconfig; name = "Pods-ProjectRace.release.xcconfig"; path = "Target Support Files/Pods-ProjectRace/Pods-ProjectRace.release.xcconfig"; sourceTree = "<group>"; };
/* End PBXFileReference section */

/* Begin PBXFrameworksBuildPhase section */
		5C96EA54278CC51200DA6DAB /* Frameworks */ = {
			isa = PBXFrameworksBuildPhase;
			buildActionMask = 2147483647;
			files = (
			);
			runOnlyForDeploymentPostprocessing = 0;
		};
/* End PBXFrameworksBuildPhase section */

/* Begin PBXGroup section */
		5C1528B527C6700A0004EFCA /* View */ = {
			isa = PBXGroup;
			children = (
				5C96EA5E278CC51200DA6DAB /* ViewController.swift */,
				5C96EA73278E131700DA6DAB /* RaceViewController.swift */,
				5C85FECE27DFD832007A7907 /* SettingViewController.swift */,
				5C85FED027E3AAE2007A7907 /* ErrorViewController.swift */,
			);
			path = View;
			sourceTree = "<group>";
		};
		5C85FED627E61472007A7907 /* Extension */ = {
			isa = PBXGroup;
			children = (
				5C85FED727E677C9007A7907 /* Button+Extention.swift */,
			);
			path = Extension;
			sourceTree = "<group>";
		};
		5C96EA4E278CC51200DA6DAB = {
			isa = PBXGroup;
			children = (
				5C85FED627E61472007A7907 /* Extension */,
				5C96EA59278CC51200DA6DAB /* ProjectRace */,
				5C96EA58278CC51200DA6DAB /* Products */,
				A49DDDD7354053CCE6C91564 /* Pods */,
			);
			sourceTree = "<group>";
		};
		5C96EA58278CC51200DA6DAB /* Products */ = {
			isa = PBXGroup;
			children = (
				5C96EA57278CC51200DA6DAB /* ProjectRace.app */,
			);
			name = Products;
			sourceTree = "<group>";
		};
		5C96EA59278CC51200DA6DAB /* ProjectRace */ = {
			isa = PBXGroup;
			children = (
				5C1528B527C6700A0004EFCA /* View */,
				5C96EA5A278CC51200DA6DAB /* AppDelegate.swift */,
				5C96EA5C278CC51200DA6DAB /* SceneDelegate.swift */,
				5C96EA60278CC51200DA6DAB /* Main.storyboard */,
				5C96EA63278CC51400DA6DAB /* Assets.xcassets */,
				5C96EA65278CC51400DA6DAB /* LaunchScreen.storyboard */,
				5C96EA68278CC51400DA6DAB /* Info.plist */,
			);
			path = ProjectRace;
			sourceTree = "<group>";
		};
		A49DDDD7354053CCE6C91564 /* Pods */ = {
			isa = PBXGroup;
			children = (
				776FA8631F532A63775E9955 /* Pods-ProjectRace.debug.xcconfig */,
				D68FF9040E3058E8D2D36527 /* Pods-ProjectRace.release.xcconfig */,
			);
			path = Pods;
			sourceTree = "<group>";
		};
/* End PBXGroup section */

/* Begin PBXNativeTarget section */
		5C96EA56278CC51200DA6DAB /* ProjectRace */ = {
			isa = PBXNativeTarget;
			buildConfigurationList = 5C96EA6B278CC51400DA6DAB /* Build configuration list for PBXNativeTarget "ProjectRace" */;
			buildPhases = (
				D0FCEA97527C0129938436B6 /* [CP] Check Pods Manifest.lock */,
				5C96EA53278CC51200DA6DAB /* Sources */,
				5C96EA54278CC51200DA6DAB /* Frameworks */,
				5C96EA55278CC51200DA6DAB /* Resources */,
			);
			buildRules = (
			);
			dependencies = (
			);
			name = ProjectRace;
			productName = ProjectRace;
			productReference = 5C96EA57278CC51200DA6DAB /* ProjectRace.app */;
			productType = "com.apple.product-type.application";
		};
/* End PBXNativeTarget section */

/* Begin PBXProject section */
		5C96EA4F278CC51200DA6DAB /* Project object */ = {
			isa = PBXProject;
			attributes = {
				BuildIndependentTargetsInParallel = 1;
				LastSwiftUpdateCheck = 1320;
				LastUpgradeCheck = 1320;
				TargetAttributes = {
					5C96EA56278CC51200DA6DAB = {
						CreatedOnToolsVersion = 13.2.1;
					};
				};
			};
			buildConfigurationList = 5C96EA52278CC51200DA6DAB /* Build configuration list for PBXProject "ProjectRace" */;
			compatibilityVersion = "Xcode 13.0";
			developmentRegion = en;
			hasScannedForEncodings = 0;
			knownRegions = (
				en,
				Base,
			);
			mainGroup = 5C96EA4E278CC51200DA6DAB;
			productRefGroup = 5C96EA58278CC51200DA6DAB /* Products */;
			projectDirPath = "";
			projectRoot = "";
			targets = (
				5C96EA56278CC51200DA6DAB /* ProjectRace */,
			);
		};
/* End PBXProject section */

/* Begin PBXResourcesBuildPhase section */
		5C96EA55278CC51200DA6DAB /* Resources */ = {
			isa = PBXResourcesBuildPhase;
			buildActionMask = 2147483647;
			files = (
				5C96EA67278CC51400DA6DAB /* LaunchScreen.storyboard in Resources */,
				5C96EA64278CC51400DA6DAB /* Assets.xcassets in Resources */,
				5C96EA62278CC51200DA6DAB /* Main.storyboard in Resources */,
			);
			runOnlyForDeploymentPostprocessing = 0;
		};
/* End PBXResourcesBuildPhase section */

/* Begin PBXShellScriptBuildPhase section */
		D0FCEA97527C0129938436B6 /* [CP] Check Pods Manifest.lock */ = {
			isa = PBXShellScriptBuildPhase;
			buildActionMask = 2147483647;
			files = (
			);
			inputFileListPaths = (
			);
			inputPaths = (
				"${PODS_PODFILE_DIR_PATH}/Podfile.lock",
				"${PODS_ROOT}/Manifest.lock",
			);
			name = "[CP] Check Pods Manifest.lock";
			outputFileListPaths = (
			);
			outputPaths = (
				"$(DERIVED_FILE_DIR)/Pods-ProjectRace-checkManifestLockResult.txt",
			);
			runOnlyForDeploymentPostprocessing = 0;
			shellPath = /bin/sh;
			shellScript = "diff \"${PODS_PODFILE_DIR_PATH}/Podfile.lock\" \"${PODS_ROOT}/Manifest.lock\" > /dev/null\nif [ $? != 0 ] ; then\n    # print error to STDERR\n    echo \"error: The sandbox is not in sync with the Podfile.lock. Run 'pod install' or update your CocoaPods installation.\" >&2\n    exit 1\nfi\n# This output is used by Xcode 'outputs' to avoid re-running this script phase.\necho \"SUCCESS\" > \"${SCRIPT_OUTPUT_FILE_0}\"\n";
			showEnvVarsInLog = 0;
		};
/* End PBXShellScriptBuildPhase section */

/* Begin PBXSourcesBuildPhase section */
		5C96EA53278CC51200DA6DAB /* Sources */ = {
			isa = PBXSourcesBuildPhase;
			buildActionMask = 2147483647;
			files = (
				5C85FECF27DFD832007A7907 /* SettingViewController.swift in Sources */,
				5C85FED127E3AAE2007A7907 /* ErrorViewController.swift in Sources */,
				5C85FED827E677C9007A7907 /* Button+Extention.swift in Sources */,
				5C96EA5F278CC51200DA6DAB /* ViewController.swift in Sources */,
				5C96EA5B278CC51200DA6DAB /* AppDelegate.swift in Sources */,
				5C96EA5D278CC51200DA6DAB /* SceneDelegate.swift in Sources */,
				5C96EA74278E131700DA6DAB /* RaceViewController.swift in Sources */,
			);
			runOnlyForDeploymentPostprocessing = 0;
		};
/* End PBXSourcesBuildPhase section */

/* Begin PBXVariantGroup section */
		5C96EA60278CC51200DA6DAB /* Main.storyboard */ = {
			isa = PBXVariantGroup;
			children = (
				5C96EA61278CC51200DA6DAB /* Base */,
			);
			name = Main.storyboard;
			sourceTree = "<group>";
		};
		5C96EA65278CC51400DA6DAB /* LaunchScreen.storyboard */ = {
			isa = PBXVariantGroup;
			children = (
				5C96EA66278CC51400DA6DAB /* Base */,
			);
			name = LaunchScreen.storyboard;
			sourceTree = "<group>";
		};
/* End PBXVariantGroup section */

/* Begin XCBuildConfiguration section */
		5C96EA69278CC51400DA6DAB /* Debug */ = {
			isa = XCBuildConfiguration;
			buildSettings = {
				ALWAYS_SEARCH_USER_PATHS = NO;
				CLANG_ANALYZER_NONNULL = YES;
				CLANG_ANALYZER_NUMBER_OBJECT_CONVERSION = YES_AGGRESSIVE;
				CLANG_CXX_LANGUAGE_STANDARD = "gnu++17";
				CLANG_CXX_LIBRARY = "libc++";
				CLANG_ENABLE_MODULES = YES;
				CLANG_ENABLE_OBJC_ARC = YES;
				CLANG_ENABLE_OBJC_WEAK = YES;
				CLANG_WARN_BLOCK_CAPTURE_AUTORELEASING = YES;
				CLANG_WARN_BOOL_CONVERSION = YES;
				CLANG_WARN_COMMA = YES;
				CLANG_WARN_CONSTANT_CONVERSION = YES;
				CLANG_WARN_DEPRECATED_OBJC_IMPLEMENTATIONS = YES;
				CLANG_WARN_DIRECT_OBJC_ISA_USAGE = YES_ERROR;
				CLANG_WARN_DOCUMENTATION_COMMENTS = YES;
				CLANG_WARN_EMPTY_BODY = YES;
				CLANG_WARN_ENUM_CONVERSION = YES;
				CLANG_WARN_INFINITE_RECURSION = YES;
				CLANG_WARN_INT_CONVERSION = YES;
				CLANG_WARN_NON_LITERAL_NULL_CONVERSION = YES;
				CLANG_WARN_OBJC_IMPLICIT_RETAIN_SELF = YES;
				CLANG_WARN_OBJC_LITERAL_CONVERSION = YES;
				CLANG_WARN_OBJC_ROOT_CLASS = YES_ERROR;
				CLANG_WARN_QUOTED_INCLUDE_IN_FRAMEWORK_HEADER = YES;
				CLANG_WARN_RANGE_LOOP_ANALYSIS = YES;
				CLANG_WARN_STRICT_PROTOTYPES = YES;
				CLANG_WARN_SUSPICIOUS_MOVE = YES;
				CLANG_WARN_UNGUARDED_AVAILABILITY = YES_AGGRESSIVE;
				CLANG_WARN_UNREACHABLE_CODE = YES;
				CLANG_WARN__DUPLICATE_METHOD_MATCH = YES;
				COPY_PHASE_STRIP = NO;
				DEBUG_INFORMATION_FORMAT = dwarf;
				ENABLE_STRICT_OBJC_MSGSEND = YES;
				ENABLE_TESTABILITY = YES;
				GCC_C_LANGUAGE_STANDARD = gnu11;
				GCC_DYNAMIC_NO_PIC = NO;
				GCC_NO_COMMON_BLOCKS = YES;
				GCC_OPTIMIZATION_LEVEL = 0;
				GCC_PREPROCESSOR_DEFINITIONS = (
					"DEBUG=1",
					"$(inherited)",
				);
				GCC_WARN_64_TO_32_BIT_CONVERSION = YES;
				GCC_WARN_ABOUT_RETURN_TYPE = YES_ERROR;
				GCC_WARN_UNDECLARED_SELECTOR = YES;
				GCC_WARN_UNINITIALIZED_AUTOS = YES_AGGRESSIVE;
				GCC_WARN_UNUSED_FUNCTION = YES;
				GCC_WARN_UNUSED_VARIABLE = YES;
				IPHONEOS_DEPLOYMENT_TARGET = 15.2;
				MTL_ENABLE_DEBUG_INFO = INCLUDE_SOURCE;
				MTL_FAST_MATH = YES;
				ONLY_ACTIVE_ARCH = YES;
				SDKROOT = iphoneos;
				SWIFT_ACTIVE_COMPILATION_CONDITIONS = DEBUG;
				SWIFT_OPTIMIZATION_LEVEL = "-Onone";
			};
			name = Debug;
		};
		5C96EA6A278CC51400DA6DAB /* Release */ = {
			isa = XCBuildConfiguration;
			buildSettings = {
				ALWAYS_SEARCH_USER_PATHS = NO;
				CLANG_ANALYZER_NONNULL = YES;
				CLANG_ANALYZER_NUMBER_OBJECT_CONVERSION = YES_AGGRESSIVE;
				CLANG_CXX_LANGUAGE_STANDARD = "gnu++17";
				CLANG_CXX_LIBRARY = "libc++";
				CLANG_ENABLE_MODULES = YES;
				CLANG_ENABLE_OBJC_ARC = YES;
				CLANG_ENABLE_OBJC_WEAK = YES;
				CLANG_WARN_BLOCK_CAPTURE_AUTORELEASING = YES;
				CLANG_WARN_BOOL_CONVERSION = YES;
				CLANG_WARN_COMMA = YES;
				CLANG_WARN_CONSTANT_CONVERSION = YES;
				CLANG_WARN_DEPRECATED_OBJC_IMPLEMENTATIONS = YES;
				CLANG_WARN_DIRECT_OBJC_ISA_USAGE = YES_ERROR;
				CLANG_WARN_DOCUMENTATION_COMMENTS = YES;
				CLANG_WARN_EMPTY_BODY = YES;
				CLANG_WARN_ENUM_CONVERSION = YES;
				CLANG_WARN_INFINITE_RECURSION = YES;
				CLANG_WARN_INT_CONVERSION = YES;
				CLANG_WARN_NON_LITERAL_NULL_CONVERSION = YES;
				CLANG_WARN_OBJC_IMPLICIT_RETAIN_SELF = YES;
				CLANG_WARN_OBJC_LITERAL_CONVERSION = YES;
				CLANG_WARN_OBJC_ROOT_CLASS = YES_ERROR;
				CLANG_WARN_QUOTED_INCLUDE_IN_FRAMEWORK_HEADER = YES;
				CLANG_WARN_RANGE_LOOP_ANALYSIS = YES;
				CLANG_WARN_STRICT_PROTOTYPES = YES;
				CLANG_WARN_SUSPICIOUS_MOVE = YES;
				CLANG_WARN_UNGUARDED_AVAILABILITY = YES_AGGRESSIVE;
				CLANG_WARN_UNREACHABLE_CODE = YES;
				CLANG_WARN__DUPLICATE_METHOD_MATCH = YES;
				COPY_PHASE_STRIP = NO;
				DEBUG_INFORMATION_FORMAT = "dwarf-with-dsym";
				ENABLE_NS_ASSERTIONS = NO;
				ENABLE_STRICT_OBJC_MSGSEND = YES;
				GCC_C_LANGUAGE_STANDARD = gnu11;
				GCC_NO_COMMON_BLOCKS = YES;
				GCC_WARN_64_TO_32_BIT_CONVERSION = YES;
				GCC_WARN_ABOUT_RETURN_TYPE = YES_ERROR;
				GCC_WARN_UNDECLARED_SELECTOR = YES;
				GCC_WARN_UNINITIALIZED_AUTOS = YES_AGGRESSIVE;
				GCC_WARN_UNUSED_FUNCTION = YES;
				GCC_WARN_UNUSED_VARIABLE = YES;
				IPHONEOS_DEPLOYMENT_TARGET = 15.2;
				MTL_ENABLE_DEBUG_INFO = NO;
				MTL_FAST_MATH = YES;
				SDKROOT = iphoneos;
				SWIFT_COMPILATION_MODE = wholemodule;
				SWIFT_OPTIMIZATION_LEVEL = "-O";
				VALIDATE_PRODUCT = YES;
			};
			name = Release;
		};
		5C96EA6C278CC51400DA6DAB /* Debug */ = {
			isa = XCBuildConfiguration;
			baseConfigurationReference = 776FA8631F532A63775E9955 /* Pods-ProjectRace.debug.xcconfig */;
			buildSettings = {
				ASSETCATALOG_COMPILER_APPICON_NAME = AppIcon;
				ASSETCATALOG_COMPILER_GLOBAL_ACCENT_COLOR_NAME = AccentColor;
				CODE_SIGN_STYLE = Automatic;
				CURRENT_PROJECT_VERSION = 1;
				DEVELOPMENT_TEAM = T6JDGB8XM4;
				GENERATE_INFOPLIST_FILE = YES;
				INFOPLIST_FILE = ProjectRace/Info.plist;
				INFOPLIST_KEY_UIApplicationSupportsIndirectInputEvents = YES;
				INFOPLIST_KEY_UILaunchStoryboardName = LaunchScreen;
				INFOPLIST_KEY_UIMainStoryboardFile = Main;
				INFOPLIST_KEY_UISupportedInterfaceOrientations_iPad = "UIInterfaceOrientationPortrait UIInterfaceOrientationPortraitUpsideDown UIInterfaceOrientationLandscapeLeft UIInterfaceOrientationLandscapeRight";
				INFOPLIST_KEY_UISupportedInterfaceOrientations_iPhone = "UIInterfaceOrientationPortrait UIInterfaceOrientationLandscapeLeft UIInterfaceOrientationLandscapeRight";
				LD_RUNPATH_SEARCH_PATHS = (
					"$(inherited)",
					"@executable_path/Frameworks",
				);
				MARKETING_VERSION = 1.0;
				PRODUCT_BUNDLE_IDENTIFIER = ru.mangolover.ProjectRace;
				PRODUCT_NAME = "$(TARGET_NAME)";
				SWIFT_EMIT_LOC_STRINGS = YES;
				SWIFT_VERSION = 5.0;
				TARGETED_DEVICE_FAMILY = "1,2";
			};
			name = Debug;
		};
		5C96EA6D278CC51400DA6DAB /* Release */ = {
			isa = XCBuildConfiguration;
			baseConfigurationReference = D68FF9040E3058E8D2D36527 /* Pods-ProjectRace.release.xcconfig */;
			buildSettings = {
				ASSETCATALOG_COMPILER_APPICON_NAME = AppIcon;
				ASSETCATALOG_COMPILER_GLOBAL_ACCENT_COLOR_NAME = AccentColor;
				CODE_SIGN_STYLE = Automatic;
				CURRENT_PROJECT_VERSION = 1;
				DEVELOPMENT_TEAM = T6JDGB8XM4;
				GENERATE_INFOPLIST_FILE = YES;
				INFOPLIST_FILE = ProjectRace/Info.plist;
				INFOPLIST_KEY_UIApplicationSupportsIndirectInputEvents = YES;
				INFOPLIST_KEY_UILaunchStoryboardName = LaunchScreen;
				INFOPLIST_KEY_UIMainStoryboardFile = Main;
				INFOPLIST_KEY_UISupportedInterfaceOrientations_iPad = "UIInterfaceOrientationPortrait UIInterfaceOrientationPortraitUpsideDown UIInterfaceOrientationLandscapeLeft UIInterfaceOrientationLandscapeRight";
				INFOPLIST_KEY_UISupportedInterfaceOrientations_iPhone = "UIInterfaceOrientationPortrait UIInterfaceOrientationLandscapeLeft UIInterfaceOrientationLandscapeRight";
				LD_RUNPATH_SEARCH_PATHS = (
					"$(inherited)",
					"@executable_path/Frameworks",
				);
				MARKETING_VERSION = 1.0;
				PRODUCT_BUNDLE_IDENTIFIER = ru.mangolover.ProjectRace;
				PRODUCT_NAME = "$(TARGET_NAME)";
				SWIFT_EMIT_LOC_STRINGS = YES;
				SWIFT_VERSION = 5.0;
				TARGETED_DEVICE_FAMILY = "1,2";
			};
			name = Release;
		};
/* End XCBuildConfiguration section */

/* Begin XCConfigurationList section */
		5C96EA52278CC51200DA6DAB /* Build configuration list for PBXProject "ProjectRace" */ = {
			isa = XCConfigurationList;
			buildConfigurations = (
				5C96EA69278CC51400DA6DAB /* Debug */,
				5C96EA6A278CC51400DA6DAB /* Release */,
			);
			defaultConfigurationIsVisible = 0;
			defaultConfigurationName = Release;
		};
		5C96EA6B278CC51400DA6DAB /* Build configuration list for PBXNativeTarget "ProjectRace" */ = {
			isa = XCConfigurationList;
			buildConfigurations = (
				5C96EA6C278CC51400DA6DAB /* Debug */,
				5C96EA6D278CC51400DA6DAB /* Release */,
			);
			defaultConfigurationIsVisible = 0;
			defaultConfigurationName = Release;
		};
/* End XCConfigurationList section */
	};
	rootObject = 5C96EA4F278CC51200DA6DAB /* Project object */;
}
